Microsoft Visual Studio Solution File, Format Version 12.00
# Visual Studio Version 17
VisualStudioVersion = 17.5.2.0
MinimumVisualStudioVersion = 10.0.40219.1
Project("{FAE04EC0-301F-11D3-BF4B-00C04F79EFBC}") = "beecrowd", "beecrowd\beecrowd.csproj", "{C1D114BA-C851-10E1-FC14-31309F49B69E}"
EndProject
Global
	GlobalSection(SolutionConfigurationPlatforms) = preSolution
		Debug|Any CPU = Debug|Any CPU
		Release|Any CPU = Release|Any CPU
	EndGlobalSection
	GlobalSection(ProjectConfigurationPlatforms) = postSolution
		{C1D114BA-C851-10E1-FC14-31309F49B69E}.Debug|Any CPU.ActiveCfg = Debug|Any CPU
		{C1D114BA-C851-10E1-FC14-31309F49B69E}.Debug|Any CPU.Build.0 = Debug|Any CPU
		{C1D114BA-C851-10E1-FC14-31309F49B69E}.Release|Any CPU.ActiveCfg = Release|Any CPU
		{C1D114BA-C851-10E1-FC14-31309F49B69E}.Release|Any CPU.Build.0 = Release|Any CPU
	EndGlobalSection
	GlobalSection(SolutionProperties) = preSolution
		HideSolutionNode = FALSE
	EndGlobalSection
	GlobalSection(ExtensibilityGlobals) = postSolution
		SolutionGuid = {282C0248-58FF-4201-97FF-C249592BD58E}
	EndGlobalSection
EndGlobal
